{
  "requires": true,
  "lockfileVersion": 1,
  "dependencies": {
    "types-registry": {
      "version": "0.1.440",
      "resolved": "https://registry.npmjs.org/types-registry/-/types-registry-0.1.440.tgz",
      "integrity": "sha512-kJOOQ0ZQubbsMoi0bClqtw2QHCQz8G+FvJNACwUb9kIPZFQbPpJzFr091i5ihqsk7UwVyT+GqzQU4QR/MrFbZQ=="
    }
  }
}
